
Microsoft Visual Studio Solution File, Format Version 12.00
# Visual Studio 2015
Project("{FAE04EC0-301F-11D3-BF4B-00C04F79EFBC}") = "ShootGame3D", "ShootGame3D.csproj", "{8835CD46-7477-391B-7EBE-1ED3981521D8}"
EndProject
Project("{FAE04EC0-301F-11D3-BF4B-00C04F79EFBC}") = "ShootGame3D.Editor", "ShootGame3D.Editor.csproj", "{3FC22858-5517-A96F-F552-EBAE00BF753E}"
EndProject
Global
	GlobalSection(SolutionConfigurationPlatforms) = preSolution
		Debug|Any CPU = Debug|Any CPU
		Release|Any CPU = Release|Any CPU
	EndGlobalSection
	GlobalSection(ProjectConfigurationPlatforms) = postSolution
		{8835CD46-7477-391B-7EBE-1ED3981521D8}.Debug|Any CPU.ActiveCfg = Debug|Any CPU
		{8835CD46-7477-391B-7EBE-1ED3981521D8}.Debug|Any CPU.Build.0 = Debug|Any CPU
		{8835CD46-7477-391B-7EBE-1ED3981521D8}.Release|Any CPU.ActiveCfg = Release|Any CPU
		{8835CD46-7477-391B-7EBE-1ED3981521D8}.Release|Any CPU.Build.0 = Release|Any CPU
		{3FC22858-5517-A96F-F552-EBAE00BF753E}.Debug|Any CPU.ActiveCfg = Debug|Any CPU
		{3FC22858-5517-A96F-F552-EBAE00BF753E}.Debug|Any CPU.Build.0 = Debug|Any CPU
		{3FC22858-5517-A96F-F552-EBAE00BF753E}.Release|Any CPU.ActiveCfg = Release|Any CPU
		{3FC22858-5517-A96F-F552-EBAE00BF753E}.Release|Any CPU.Build.0 = Release|Any CPU
	EndGlobalSection
	GlobalSection(SolutionProperties) = preSolution
		HideSolutionNode = FALSE
	EndGlobalSection
EndGlobal
